
Microsoft Visual Studio Solution File, Format Version 12.00
# Visual Studio 14
VisualStudioVersion = 14.0.25420.1
MinimumVisualStudioVersion = 10.0.40219.1
Project("{FAE04EC0-301F-11D3-BF4B-00C04F79EFBC}") = "capa_datos", "capa_datos\capa_datos.csproj", "{306DD13C-37A0-4A9F-8E69-6265E3E11AD0}"
EndProject
Project("{FAE04EC0-301F-11D3-BF4B-00C04F79EFBC}") = "capa_negocio", "capa_negocio\capa_negocio.csproj", "{96825C0C-9360-4821-81A5-8EAFD4DC533C}"
EndProject
Project("{FAE04EC0-301F-11D3-BF4B-00C04F79EFBC}") = "capa_presentacion", "capa_presentacion\capa_presentacion.csproj", "{808B221C-2BB9-49A1-A03F-989C6BFB12E8}"
EndProject
Global
	GlobalSection(SolutionConfigurationPlatforms) = preSolution
		Debug|Any CPU = Debug|Any CPU
		Release|Any CPU = Release|Any CPU
	EndGlobalSection
	GlobalSection(ProjectConfigurationPlatforms) = postSolution
		{306DD13C-37A0-4A9F-8E69-6265E3E11AD0}.Debug|Any CPU.ActiveCfg = Debug|Any CPU
		{306DD13C-37A0-4A9F-8E69-6265E3E11AD0}.Debug|Any CPU.Build.0 = Debug|Any CPU
		{306DD13C-37A0-4A9F-8E69-6265E3E11AD0}.Release|Any CPU.ActiveCfg = Release|Any CPU
		{306DD13C-37A0-4A9F-8E69-6265E3E11AD0}.Release|Any CPU.Build.0 = Release|Any CPU
		{96825C0C-9360-4821-81A5-8EAFD4DC533C}.Debug|Any CPU.ActiveCfg = Debug|Any CPU
		{96825C0C-9360-4821-81A5-8EAFD4DC533C}.Debug|Any CPU.Build.0 = Debug|Any CPU
		{96825C0C-9360-4821-81A5-8EAFD4DC533C}.Release|Any CPU.ActiveCfg = Release|Any CPU
		{96825C0C-9360-4821-81A5-8EAFD4DC533C}.Release|Any CPU.Build.0 = Release|Any CPU
		{808B221C-2BB9-49A1-A03F-989C6BFB12E8}.Debug|Any CPU.ActiveCfg = Debug|Any CPU
		{808B221C-2BB9-49A1-A03F-989C6BFB12E8}.Debug|Any CPU.Build.0 = Debug|Any CPU
		{808B221C-2BB9-49A1-A03F-989C6BFB12E8}.Release|Any CPU.ActiveCfg = Release|Any CPU
		{808B221C-2BB9-49A1-A03F-989C6BFB12E8}.Release|Any CPU.Build.0 = Release|Any CPU
	EndGlobalSection
	GlobalSection(SolutionProperties) = preSolution
		HideSolutionNode = FALSE
	EndGlobalSection
EndGlobal
